
Microsoft Visual Studio Solution File, Format Version 12.00
# Visual Studio 15
VisualStudioVersion = 15.0.28307.168
MinimumVisualStudioVersion = 10.0.40219.1
Project("{8BC9CEB8-8B4A-11D0-8D11-00A0C91BC942}") = "GameFramework2D", "GameFramework2D.vcxproj", "{896DBE7D-4AB8-4C75-ADFC-CAF3D23A0E90}"
EndProject
Global
	GlobalSection(SolutionConfigurationPlatforms) = preSolution
		Debug|x86 = Debug|x86
		Release|x86 = Release|x86
	EndGlobalSection
	GlobalSection(ProjectConfigurationPlatforms) = postSolution
		{896DBE7D-4AB8-4C75-ADFC-CAF3D23A0E90}.Debug|x86.ActiveCfg = Debug|Win32
		{896DBE7D-4AB8-4C75-ADFC-CAF3D23A0E90}.Debug|x86.Build.0 = Debug|Win32
		{896DBE7D-4AB8-4C75-ADFC-CAF3D23A0E90}.Release|x86.ActiveCfg = Release|Win32
		{896DBE7D-4AB8-4C75-ADFC-CAF3D23A0E90}.Release|x86.Build.0 = Release|Win32
	EndGlobalSection
	GlobalSection(SolutionProperties) = preSolution
		HideSolutionNode = FALSE
	EndGlobalSection
	GlobalSection(ExtensibilityGlobals) = postSolution
		SolutionGuid = {2A5B3F9D-5D13-4414-AF05-1DF0B797C4EE}
	EndGlobalSection
EndGlobal
